
Microsoft Visual Studio Solution File, Format Version 12.00
# Visual Studio Version 17
VisualStudioVersion = 17.5.002.0
MinimumVisualStudioVersion = 10.0.40219.1
Project("{9A19103F-16F7-4668-BE54-9A1E7A4F7556}") = "API", "API.csproj", "{B5720BD4-C1C1-4918-9CEB-E6D645F8DFD8}"
EndProject
Global
	GlobalSection(SolutionConfigurationPlatforms) = preSolution
		Debug|Any CPU = Debug|Any CPU
		Release|Any CPU = Release|Any CPU
	EndGlobalSection
	GlobalSection(ProjectConfigurationPlatforms) = postSolution
		{B5720BD4-C1C1-4918-9CEB-E6D645F8DFD8}.Debug|Any CPU.ActiveCfg = Debug|Any CPU
		{B5720BD4-C1C1-4918-9CEB-E6D645F8DFD8}.Debug|Any CPU.Build.0 = Debug|Any CPU
		{B5720BD4-C1C1-4918-9CEB-E6D645F8DFD8}.Release|Any CPU.ActiveCfg = Release|Any CPU
		{B5720BD4-C1C1-4918-9CEB-E6D645F8DFD8}.Release|Any CPU.Build.0 = Release|Any CPU
	EndGlobalSection
	GlobalSection(SolutionProperties) = preSolution
		HideSolutionNode = FALSE
	EndGlobalSection
	GlobalSection(ExtensibilityGlobals) = postSolution
		SolutionGuid = {CC85048F-89F5-49C0-A97A-122ECDA3F846}
	EndGlobalSection
EndGlobal
